
Microsoft Visual Studio Solution File, Format Version 12.00
# Visual Studio Version 16
VisualStudioVersion = 16.0.30711.63
MinimumVisualStudioVersion = 10.0.40219.1
Project("{FAE04EC0-301F-11D3-BF4B-00C04F79EFBC}") = "Aula192ExercicioDeFixacao", "Aula192ExercicioDeFixacao\Aula192ExercicioDeFixacao.csproj", "{075D9E93-F8F0-49E4-8919-B2393697E6F3}"
EndProject
Global
	GlobalSection(SolutionConfigurationPlatforms) = preSolution
		Debug|Any CPU = Debug|Any CPU
		Release|Any CPU = Release|Any CPU
	EndGlobalSection
	GlobalSection(ProjectConfigurationPlatforms) = postSolution
		{075D9E93-F8F0-49E4-8919-B2393697E6F3}.Debug|Any CPU.ActiveCfg = Debug|Any CPU
		{075D9E93-F8F0-49E4-8919-B2393697E6F3}.Debug|Any CPU.Build.0 = Debug|Any CPU
		{075D9E93-F8F0-49E4-8919-B2393697E6F3}.Release|Any CPU.ActiveCfg = Release|Any CPU
		{075D9E93-F8F0-49E4-8919-B2393697E6F3}.Release|Any CPU.Build.0 = Release|Any CPU
	EndGlobalSection
	GlobalSection(SolutionProperties) = preSolution
		HideSolutionNode = FALSE
	EndGlobalSection
	GlobalSection(ExtensibilityGlobals) = postSolution
		SolutionGuid = {EFA34A31-8AD4-46CE-96D6-1E8DBD0D6B1B}
	EndGlobalSection
EndGlobal
