
Microsoft Visual Studio Solution File, Format Version 12.00
# Visual Studio Version 16
VisualStudioVersion = 16.0.29806.167
MinimumVisualStudioVersion = 10.0.40219.1
Project("{FAE04EC0-301F-11D3-BF4B-00C04F79EFBC}") = "Aula92PropriedadesTimeSpan", "Aula92PropriedadesTimeSpan\Aula92PropriedadesTimeSpan.csproj", "{2B859F80-8910-4169-AA29-A488794B4FE3}"
EndProject
Global
	GlobalSection(SolutionConfigurationPlatforms) = preSolution
		Debug|Any CPU = Debug|Any CPU
		Release|Any CPU = Release|Any CPU
	EndGlobalSection
	GlobalSection(ProjectConfigurationPlatforms) = postSolution
		{2B859F80-8910-4169-AA29-A488794B4FE3}.Debug|Any CPU.ActiveCfg = Debug|Any CPU
		{2B859F80-8910-4169-AA29-A488794B4FE3}.Debug|Any CPU.Build.0 = Debug|Any CPU
		{2B859F80-8910-4169-AA29-A488794B4FE3}.Release|Any CPU.ActiveCfg = Release|Any CPU
		{2B859F80-8910-4169-AA29-A488794B4FE3}.Release|Any CPU.Build.0 = Release|Any CPU
	EndGlobalSection
	GlobalSection(SolutionProperties) = preSolution
		HideSolutionNode = FALSE
	EndGlobalSection
	GlobalSection(ExtensibilityGlobals) = postSolution
		SolutionGuid = {D5FB8583-7B04-4C0C-A4B8-8A59F6277287}
	EndGlobalSection
EndGlobal
