
Microsoft Visual Studio Solution File, Format Version 12.00
# Visual Studio Version 16
VisualStudioVersion = 16.0.29806.167
MinimumVisualStudioVersion = 10.0.40219.1
Project("{FAE04EC0-301F-11D3-BF4B-00C04F79EFBC}") = "Aula71ExercicioFixacao", "Aula71ExercicioFixacao\Aula71ExercicioFixacao.csproj", "{9379C57B-B372-4F5A-BDB0-02C51D9F2DB1}"
EndProject
Global
	GlobalSection(SolutionConfigurationPlatforms) = preSolution
		Debug|Any CPU = Debug|Any CPU
		Release|Any CPU = Release|Any CPU
	EndGlobalSection
	GlobalSection(ProjectConfigurationPlatforms) = postSolution
		{9379C57B-B372-4F5A-BDB0-02C51D9F2DB1}.Debug|Any CPU.ActiveCfg = Debug|Any CPU
		{9379C57B-B372-4F5A-BDB0-02C51D9F2DB1}.Debug|Any CPU.Build.0 = Debug|Any CPU
		{9379C57B-B372-4F5A-BDB0-02C51D9F2DB1}.Release|Any CPU.ActiveCfg = Release|Any CPU
		{9379C57B-B372-4F5A-BDB0-02C51D9F2DB1}.Release|Any CPU.Build.0 = Release|Any CPU
	EndGlobalSection
	GlobalSection(SolutionProperties) = preSolution
		HideSolutionNode = FALSE
	EndGlobalSection
	GlobalSection(ExtensibilityGlobals) = postSolution
		SolutionGuid = {CE6F9859-11DD-4348-808B-499F2DBCA4B5}
	EndGlobalSection
EndGlobal
