
Microsoft Visual Studio Solution File, Format Version 12.00
# Visual Studio Version 16
VisualStudioVersion = 16.0.29806.167
MinimumVisualStudioVersion = 10.0.40219.1
Project("{FAE04EC0-301F-11D3-BF4B-00C04F79EFBC}") = "Aula29EstruturaCondicionalExercicioProposto2", "Aula29EstruturaCondicionalExercicioProposto2\Aula29EstruturaCondicionalExercicioProposto2.csproj", "{7087E1B6-AB7F-452D-BD37-982F2A0DBB34}"
EndProject
Global
	GlobalSection(SolutionConfigurationPlatforms) = preSolution
		Debug|Any CPU = Debug|Any CPU
		Release|Any CPU = Release|Any CPU
	EndGlobalSection
	GlobalSection(ProjectConfigurationPlatforms) = postSolution
		{7087E1B6-AB7F-452D-BD37-982F2A0DBB34}.Debug|Any CPU.ActiveCfg = Debug|Any CPU
		{7087E1B6-AB7F-452D-BD37-982F2A0DBB34}.Debug|Any CPU.Build.0 = Debug|Any CPU
		{7087E1B6-AB7F-452D-BD37-982F2A0DBB34}.Release|Any CPU.ActiveCfg = Release|Any CPU
		{7087E1B6-AB7F-452D-BD37-982F2A0DBB34}.Release|Any CPU.Build.0 = Release|Any CPU
	EndGlobalSection
	GlobalSection(SolutionProperties) = preSolution
		HideSolutionNode = FALSE
	EndGlobalSection
	GlobalSection(ExtensibilityGlobals) = postSolution
		SolutionGuid = {FEC0E0A9-FA7D-42A3-8D67-E1D6D9712695}
	EndGlobalSection
EndGlobal
