
Microsoft Visual Studio Solution File, Format Version 12.00
# Visual Studio Version 16
VisualStudioVersion = 16.0.30711.63
MinimumVisualStudioVersion = 10.0.40219.1
Project("{FAE04EC0-301F-11D3-BF4B-00C04F79EFBC}") = "Aula143CriandoExcecoesPersonalizadasParte1", "Aula143CriandoExcecoesPersonalizadasParte1\Aula143CriandoExcecoesPersonalizadasParte1.csproj", "{AE86081F-8325-444E-AC2A-7FC7F38FD343}"
EndProject
Global
	GlobalSection(SolutionConfigurationPlatforms) = preSolution
		Debug|Any CPU = Debug|Any CPU
		Release|Any CPU = Release|Any CPU
	EndGlobalSection
	GlobalSection(ProjectConfigurationPlatforms) = postSolution
		{AE86081F-8325-444E-AC2A-7FC7F38FD343}.Debug|Any CPU.ActiveCfg = Debug|Any CPU
		{AE86081F-8325-444E-AC2A-7FC7F38FD343}.Debug|Any CPU.Build.0 = Debug|Any CPU
		{AE86081F-8325-444E-AC2A-7FC7F38FD343}.Release|Any CPU.ActiveCfg = Release|Any CPU
		{AE86081F-8325-444E-AC2A-7FC7F38FD343}.Release|Any CPU.Build.0 = Release|Any CPU
	EndGlobalSection
	GlobalSection(SolutionProperties) = preSolution
		HideSolutionNode = FALSE
	EndGlobalSection
	GlobalSection(ExtensibilityGlobals) = postSolution
		SolutionGuid = {878B17D3-FC4A-48C7-BB89-17A31F3D7022}
	EndGlobalSection
EndGlobal
