
Microsoft Visual Studio Solution File, Format Version 12.00
# Visual Studio Version 16
VisualStudioVersion = 16.0.30711.63
MinimumVisualStudioVersion = 10.0.40219.1
Project("{FAE04EC0-301F-11D3-BF4B-00C04F79EFBC}") = "Aula206RestricoesDeGenerics", "Aula206RestricoesDeGenerics\Aula206RestricoesDeGenerics.csproj", "{F5D63890-654C-41A5-82B4-08082B039157}"
EndProject
Global
	GlobalSection(SolutionConfigurationPlatforms) = preSolution
		Debug|Any CPU = Debug|Any CPU
		Release|Any CPU = Release|Any CPU
	EndGlobalSection
	GlobalSection(ProjectConfigurationPlatforms) = postSolution
		{F5D63890-654C-41A5-82B4-08082B039157}.Debug|Any CPU.ActiveCfg = Debug|Any CPU
		{F5D63890-654C-41A5-82B4-08082B039157}.Debug|Any CPU.Build.0 = Debug|Any CPU
		{F5D63890-654C-41A5-82B4-08082B039157}.Release|Any CPU.ActiveCfg = Release|Any CPU
		{F5D63890-654C-41A5-82B4-08082B039157}.Release|Any CPU.Build.0 = Release|Any CPU
	EndGlobalSection
	GlobalSection(SolutionProperties) = preSolution
		HideSolutionNode = FALSE
	EndGlobalSection
	GlobalSection(ExtensibilityGlobals) = postSolution
		SolutionGuid = {16468D8D-CBAF-40FE-8A60-608DCA368ABC}
	EndGlobalSection
EndGlobal
