
Microsoft Visual Studio Solution File, Format Version 12.00
# Visual Studio Version 16
VisualStudioVersion = 16.0.29806.167
MinimumVisualStudioVersion = 10.0.40219.1
Project("{FAE04EC0-301F-11D3-BF4B-00C04F79EFBC}") = "Aula24EstruturaSequencialExercicioProposto4", "Aula24EstruturaSequencialExercicioProposto4\Aula24EstruturaSequencialExercicioProposto4.csproj", "{B1C6AA2F-E4E9-458E-A471-34A6854E5C7C}"
EndProject
Global
	GlobalSection(SolutionConfigurationPlatforms) = preSolution
		Debug|Any CPU = Debug|Any CPU
		Release|Any CPU = Release|Any CPU
	EndGlobalSection
	GlobalSection(ProjectConfigurationPlatforms) = postSolution
		{B1C6AA2F-E4E9-458E-A471-34A6854E5C7C}.Debug|Any CPU.ActiveCfg = Debug|Any CPU
		{B1C6AA2F-E4E9-458E-A471-34A6854E5C7C}.Debug|Any CPU.Build.0 = Debug|Any CPU
		{B1C6AA2F-E4E9-458E-A471-34A6854E5C7C}.Release|Any CPU.ActiveCfg = Release|Any CPU
		{B1C6AA2F-E4E9-458E-A471-34A6854E5C7C}.Release|Any CPU.Build.0 = Release|Any CPU
	EndGlobalSection
	GlobalSection(SolutionProperties) = preSolution
		HideSolutionNode = FALSE
	EndGlobalSection
	GlobalSection(ExtensibilityGlobals) = postSolution
		SolutionGuid = {9531A316-9E9E-47C0-805A-3177D33152EB}
	EndGlobalSection
EndGlobal
