
Microsoft Visual Studio Solution File, Format Version 12.00
# Visual Studio Version 16
VisualStudioVersion = 16.0.30711.63
MinimumVisualStudioVersion = 10.0.40219.1
Project("{FAE04EC0-301F-11D3-BF4B-00C04F79EFBC}") = "Aula202InterfaceIComparableProblemaMotivador1", "Aula202InterfaceIComparableProblemaMotivador1\Aula202InterfaceIComparableProblemaMotivador1.csproj", "{A277A99D-0004-45BB-967F-68704D36BF58}"
EndProject
Global
	GlobalSection(SolutionConfigurationPlatforms) = preSolution
		Debug|Any CPU = Debug|Any CPU
		Release|Any CPU = Release|Any CPU
	EndGlobalSection
	GlobalSection(ProjectConfigurationPlatforms) = postSolution
		{A277A99D-0004-45BB-967F-68704D36BF58}.Debug|Any CPU.ActiveCfg = Debug|Any CPU
		{A277A99D-0004-45BB-967F-68704D36BF58}.Debug|Any CPU.Build.0 = Debug|Any CPU
		{A277A99D-0004-45BB-967F-68704D36BF58}.Release|Any CPU.ActiveCfg = Release|Any CPU
		{A277A99D-0004-45BB-967F-68704D36BF58}.Release|Any CPU.Build.0 = Release|Any CPU
	EndGlobalSection
	GlobalSection(SolutionProperties) = preSolution
		HideSolutionNode = FALSE
	EndGlobalSection
	GlobalSection(ExtensibilityGlobals) = postSolution
		SolutionGuid = {4C97B3F3-B07C-4948-91B1-1D93C0EA7F89}
	EndGlobalSection
EndGlobal
