
Microsoft Visual Studio Solution File, Format Version 12.00
# Visual Studio Version 16
VisualStudioVersion = 16.0.30711.63
MinimumVisualStudioVersion = 10.0.40219.1
Project("{FAE04EC0-301F-11D3-BF4B-00C04F79EFBC}") = "Aula123ExercicioPropostoEnumeracoesEComposicao", "Aula123ExercicioPropostoEnumeracoesEComposicao\Aula123ExercicioPropostoEnumeracoesEComposicao.csproj", "{337C1E42-DA34-4C67-87BD-48E1BA82095C}"
EndProject
Global
	GlobalSection(SolutionConfigurationPlatforms) = preSolution
		Debug|Any CPU = Debug|Any CPU
		Release|Any CPU = Release|Any CPU
	EndGlobalSection
	GlobalSection(ProjectConfigurationPlatforms) = postSolution
		{337C1E42-DA34-4C67-87BD-48E1BA82095C}.Debug|Any CPU.ActiveCfg = Debug|Any CPU
		{337C1E42-DA34-4C67-87BD-48E1BA82095C}.Debug|Any CPU.Build.0 = Debug|Any CPU
		{337C1E42-DA34-4C67-87BD-48E1BA82095C}.Release|Any CPU.ActiveCfg = Release|Any CPU
		{337C1E42-DA34-4C67-87BD-48E1BA82095C}.Release|Any CPU.Build.0 = Release|Any CPU
	EndGlobalSection
	GlobalSection(SolutionProperties) = preSolution
		HideSolutionNode = FALSE
	EndGlobalSection
	GlobalSection(ExtensibilityGlobals) = postSolution
		SolutionGuid = {B856130C-055F-42C0-8D57-3EADC69E33E3}
	EndGlobalSection
EndGlobal
