
Microsoft Visual Studio Solution File, Format Version 12.00
# Visual Studio Version 16
VisualStudioVersion = 16.0.30711.63
MinimumVisualStudioVersion = 10.0.40219.1
Project("{FAE04EC0-301F-11D3-BF4B-00C04F79EFBC}") = "Aula132ExercicioResolvidoParte2", "Aula132ExercicioResolvidoParte2\Aula132ExercicioResolvidoParte2.csproj", "{45FB62B3-F8E5-4462-8A59-43222E90BC1E}"
EndProject
Global
	GlobalSection(SolutionConfigurationPlatforms) = preSolution
		Debug|Any CPU = Debug|Any CPU
		Release|Any CPU = Release|Any CPU
	EndGlobalSection
	GlobalSection(ProjectConfigurationPlatforms) = postSolution
		{45FB62B3-F8E5-4462-8A59-43222E90BC1E}.Debug|Any CPU.ActiveCfg = Debug|Any CPU
		{45FB62B3-F8E5-4462-8A59-43222E90BC1E}.Debug|Any CPU.Build.0 = Debug|Any CPU
		{45FB62B3-F8E5-4462-8A59-43222E90BC1E}.Release|Any CPU.ActiveCfg = Release|Any CPU
		{45FB62B3-F8E5-4462-8A59-43222E90BC1E}.Release|Any CPU.Build.0 = Release|Any CPU
	EndGlobalSection
	GlobalSection(SolutionProperties) = preSolution
		HideSolutionNode = FALSE
	EndGlobalSection
	GlobalSection(ExtensibilityGlobals) = postSolution
		SolutionGuid = {6C5C8CF9-A115-4AD9-BE59-38BF2844CE02}
	EndGlobalSection
EndGlobal
