
Microsoft Visual Studio Solution File, Format Version 12.00
# Visual Studio Version 16
VisualStudioVersion = 16.0.29806.167
MinimumVisualStudioVersion = 10.0.40219.1
Project("{FAE04EC0-301F-11D3-BF4B-00C04F79EFBC}") = "Aula81ExercicioFixacaoMatrizes", "Aula81ExercicioFixacaoMatrizes\Aula81ExercicioFixacaoMatrizes.csproj", "{A8C91ED5-7F03-4D90-9028-3B46DFB2ECB8}"
EndProject
Global
	GlobalSection(SolutionConfigurationPlatforms) = preSolution
		Debug|Any CPU = Debug|Any CPU
		Release|Any CPU = Release|Any CPU
	EndGlobalSection
	GlobalSection(ProjectConfigurationPlatforms) = postSolution
		{A8C91ED5-7F03-4D90-9028-3B46DFB2ECB8}.Debug|Any CPU.ActiveCfg = Debug|Any CPU
		{A8C91ED5-7F03-4D90-9028-3B46DFB2ECB8}.Debug|Any CPU.Build.0 = Debug|Any CPU
		{A8C91ED5-7F03-4D90-9028-3B46DFB2ECB8}.Release|Any CPU.ActiveCfg = Release|Any CPU
		{A8C91ED5-7F03-4D90-9028-3B46DFB2ECB8}.Release|Any CPU.Build.0 = Release|Any CPU
	EndGlobalSection
	GlobalSection(SolutionProperties) = preSolution
		HideSolutionNode = FALSE
	EndGlobalSection
	GlobalSection(ExtensibilityGlobals) = postSolution
		SolutionGuid = {D77D3433-A269-498F-8261-34C9F4BD9A64}
	EndGlobalSection
EndGlobal
