
Microsoft Visual Studio Solution File, Format Version 12.00
# Visual Studio Version 16
VisualStudioVersion = 16.0.30711.63
MinimumVisualStudioVersion = 10.0.40219.1
Project("{FAE04EC0-301F-11D3-BF4B-00C04F79EFBC}") = "Aula128SobreposicaoPalavrasVirtualEOverride", "Aula128SobreposicaoPalavrasVirtualEOverride\Aula128SobreposicaoPalavrasVirtualEOverride.csproj", "{772957DF-CDFA-4C0C-AB8F-6F4F8E37859E}"
EndProject
Global
	GlobalSection(SolutionConfigurationPlatforms) = preSolution
		Debug|Any CPU = Debug|Any CPU
		Release|Any CPU = Release|Any CPU
	EndGlobalSection
	GlobalSection(ProjectConfigurationPlatforms) = postSolution
		{772957DF-CDFA-4C0C-AB8F-6F4F8E37859E}.Debug|Any CPU.ActiveCfg = Debug|Any CPU
		{772957DF-CDFA-4C0C-AB8F-6F4F8E37859E}.Debug|Any CPU.Build.0 = Debug|Any CPU
		{772957DF-CDFA-4C0C-AB8F-6F4F8E37859E}.Release|Any CPU.ActiveCfg = Release|Any CPU
		{772957DF-CDFA-4C0C-AB8F-6F4F8E37859E}.Release|Any CPU.Build.0 = Release|Any CPU
	EndGlobalSection
	GlobalSection(SolutionProperties) = preSolution
		HideSolutionNode = FALSE
	EndGlobalSection
	GlobalSection(ExtensibilityGlobals) = postSolution
		SolutionGuid = {55E3D476-16DD-4F14-A601-B725B4879FAF}
	EndGlobalSection
EndGlobal
