
Microsoft Visual Studio Solution File, Format Version 12.00
# Visual Studio Version 16
VisualStudioVersion = 16.0.30711.63
MinimumVisualStudioVersion = 10.0.40219.1
Project("{FAE04EC0-301F-11D3-BF4B-00C04F79EFBC}") = "Aula119ExercicioResolvido1Parte1-3", "Aula119ExercicioResolvido1Parte1-3\Aula119ExercicioResolvido1Parte1-3.csproj", "{73416A37-932F-44C0-A56B-A66620F98A57}"
EndProject
Global
	GlobalSection(SolutionConfigurationPlatforms) = preSolution
		Debug|Any CPU = Debug|Any CPU
		Release|Any CPU = Release|Any CPU
	EndGlobalSection
	GlobalSection(ProjectConfigurationPlatforms) = postSolution
		{73416A37-932F-44C0-A56B-A66620F98A57}.Debug|Any CPU.ActiveCfg = Debug|Any CPU
		{73416A37-932F-44C0-A56B-A66620F98A57}.Debug|Any CPU.Build.0 = Debug|Any CPU
		{73416A37-932F-44C0-A56B-A66620F98A57}.Release|Any CPU.ActiveCfg = Release|Any CPU
		{73416A37-932F-44C0-A56B-A66620F98A57}.Release|Any CPU.Build.0 = Release|Any CPU
	EndGlobalSection
	GlobalSection(SolutionProperties) = preSolution
		HideSolutionNode = FALSE
	EndGlobalSection
	GlobalSection(ExtensibilityGlobals) = postSolution
		SolutionGuid = {47417825-4B42-43D2-93E8-E0A1EA55F5B0}
	EndGlobalSection
EndGlobal
