
Microsoft Visual Studio Solution File, Format Version 12.00
# Visual Studio Version 16
VisualStudioVersion = 16.0.30711.63
MinimumVisualStudioVersion = 10.0.40219.1
Project("{FAE04EC0-301F-11D3-BF4B-00C04F79EFBC}") = "Aula226IntroducaoAoLINQ", "Aula226IntroducaoAoLINQ\Aula226IntroducaoAoLINQ.csproj", "{CEE2CD46-E88B-4F1B-BD5C-F823898C804C}"
EndProject
Global
	GlobalSection(SolutionConfigurationPlatforms) = preSolution
		Debug|Any CPU = Debug|Any CPU
		Release|Any CPU = Release|Any CPU
	EndGlobalSection
	GlobalSection(ProjectConfigurationPlatforms) = postSolution
		{CEE2CD46-E88B-4F1B-BD5C-F823898C804C}.Debug|Any CPU.ActiveCfg = Debug|Any CPU
		{CEE2CD46-E88B-4F1B-BD5C-F823898C804C}.Debug|Any CPU.Build.0 = Debug|Any CPU
		{CEE2CD46-E88B-4F1B-BD5C-F823898C804C}.Release|Any CPU.ActiveCfg = Release|Any CPU
		{CEE2CD46-E88B-4F1B-BD5C-F823898C804C}.Release|Any CPU.Build.0 = Release|Any CPU
	EndGlobalSection
	GlobalSection(SolutionProperties) = preSolution
		HideSolutionNode = FALSE
	EndGlobalSection
	GlobalSection(ExtensibilityGlobals) = postSolution
		SolutionGuid = {4423FD4E-4D9E-437D-A4D7-AD35691A359C}
	EndGlobalSection
EndGlobal
