
Microsoft Visual Studio Solution File, Format Version 12.00
# Visual Studio Version 16
VisualStudioVersion = 16.0.30711.63
MinimumVisualStudioVersion = 10.0.40219.1
Project("{FAE04EC0-301F-11D3-BF4B-00C04F79EFBC}") = "Aula217ExtensionMethodsDemo2", "Aula217ExtensionMethodsDemo2\Aula217ExtensionMethodsDemo2.csproj", "{AFB2103E-F2D0-4CA1-806B-0A99FDD169EE}"
EndProject
Global
	GlobalSection(SolutionConfigurationPlatforms) = preSolution
		Debug|Any CPU = Debug|Any CPU
		Release|Any CPU = Release|Any CPU
	EndGlobalSection
	GlobalSection(ProjectConfigurationPlatforms) = postSolution
		{AFB2103E-F2D0-4CA1-806B-0A99FDD169EE}.Debug|Any CPU.ActiveCfg = Debug|Any CPU
		{AFB2103E-F2D0-4CA1-806B-0A99FDD169EE}.Debug|Any CPU.Build.0 = Debug|Any CPU
		{AFB2103E-F2D0-4CA1-806B-0A99FDD169EE}.Release|Any CPU.ActiveCfg = Release|Any CPU
		{AFB2103E-F2D0-4CA1-806B-0A99FDD169EE}.Release|Any CPU.Build.0 = Release|Any CPU
	EndGlobalSection
	GlobalSection(SolutionProperties) = preSolution
		HideSolutionNode = FALSE
	EndGlobalSection
	GlobalSection(ExtensibilityGlobals) = postSolution
		SolutionGuid = {A41C5AFA-56F7-4E67-A2AA-D1E52EBBDEAD}
	EndGlobalSection
EndGlobal
