
Microsoft Visual Studio Solution File, Format Version 12.00
# Visual Studio Version 16
VisualStudioVersion = 16.0.30711.63
MinimumVisualStudioVersion = 10.0.40219.1
Project("{FAE04EC0-301F-11D3-BF4B-00C04F79EFBC}") = "Aula214ExercicioPropostoSobreDictionary", "Aula214ExercicioPropostoSobreDictionary\Aula214ExercicioPropostoSobreDictionary.csproj", "{0C0C7C9B-6406-4110-B017-755B4591872E}"
EndProject
Global
	GlobalSection(SolutionConfigurationPlatforms) = preSolution
		Debug|Any CPU = Debug|Any CPU
		Release|Any CPU = Release|Any CPU
	EndGlobalSection
	GlobalSection(ProjectConfigurationPlatforms) = postSolution
		{0C0C7C9B-6406-4110-B017-755B4591872E}.Debug|Any CPU.ActiveCfg = Debug|Any CPU
		{0C0C7C9B-6406-4110-B017-755B4591872E}.Debug|Any CPU.Build.0 = Debug|Any CPU
		{0C0C7C9B-6406-4110-B017-755B4591872E}.Release|Any CPU.ActiveCfg = Release|Any CPU
		{0C0C7C9B-6406-4110-B017-755B4591872E}.Release|Any CPU.Build.0 = Release|Any CPU
	EndGlobalSection
	GlobalSection(SolutionProperties) = preSolution
		HideSolutionNode = FALSE
	EndGlobalSection
	GlobalSection(ExtensibilityGlobals) = postSolution
		SolutionGuid = {C2F38307-E1A8-4659-908A-244C93A30F9E}
	EndGlobalSection
EndGlobal
